
Microsoft Visual Studio Solution File, Format Version 12.00
# Visual Studio 15
VisualStudioVersion = 15.0.26228.4
MinimumVisualStudioVersion = 10.0.40219.1
Project("{FAE04EC0-301F-11D3-BF4B-00C04F79EFBC}") = "EllaBookMaker.Model", "EllaBookMaker.Model\EllaBookMaker.Model.csproj", "{1A66459E-A9F8-4E6B-8BC3-4B885A44D8B8}"
EndProject
Project("{FAE04EC0-301F-11D3-BF4B-00C04F79EFBC}") = "EllaBookMaker.ViewModel", "EllaBookMaker.ViewModel\EllaBookMaker.ViewModel.csproj", "{5D06110A-52D0-4B12-9106-BF51F461D8EA}"
EndProject
Project("{FAE04EC0-301F-11D3-BF4B-00C04F79EFBC}") = "EllaBookMaker.Utility", "EllaBookMaker.Utility\EllaBookMaker.Utility.csproj", "{19251580-20BD-459B-A2EB-201100A6D398}"
EndProject
Project("{FAE04EC0-301F-11D3-BF4B-00C04F79EFBC}") = "EllaBookerMaker.View", "EllaBookerMaker.View\EllaBookerMaker.View.csproj", "{2392D24A-9D7B-4912-8E4A-39BCDF2BB2D4}"
EndProject
Project("{FAE04EC0-301F-11D3-BF4B-00C04F79EFBC}") = "EllaBookMaker.EllaControl", "EllaBookMaker.EllaControl\EllaBookMaker.EllaControl.csproj", "{BC1FF69A-03D4-41BB-A400-B268715254FA}"
EndProject
Project("{FAE04EC0-301F-11D3-BF4B-00C04F79EFBC}") = "EllaBookMaker.EllaCompon", "EllaBookMaker.EllaCompon\EllaBookMaker.EllaCompon.csproj", "{59E4CC4E-51CA-4964-A407-24C006828D28}"
EndProject
Project("{FAE04EC0-301F-11D3-BF4B-00C04F79EFBC}") = "EllaBookMaker.Windows", "EllaBookMaker.Windows\EllaBookMaker.Windows.csproj", "{3873A911-246F-43E8-B0CF-47E50255CBC8}"
EndProject
Project("{9A19103F-16F7-4668-BE54-9A1E7A4F7556}") = "EllaBookMaker.Doc", "EllaBookMaker.Doc\EllaBookMaker.Doc.csproj", "{15916A09-0D93-4CEF-A8ED-5CE492C2740D}"
EndProject
Project("{FAE04EC0-301F-11D3-BF4B-00C04F79EFBC}") = "EllaBookMaker.Theme.Default", "EllaBookMaker.Theme\EllaBookMaker.Theme.Default.csproj", "{99B4C467-BF93-4DF8-A3B4-F4F1F333B739}"
EndProject
Project("{2150E333-8FDC-42A3-9474-1A3956D46DE8}") = "Theme", "Theme", "{A2E42F7E-E0E3-4399-9F9B-4CCD9D359EC7}"
EndProject
Global
	GlobalSection(SolutionConfigurationPlatforms) = preSolution
		Debug|Any CPU = Debug|Any CPU
		Release|Any CPU = Release|Any CPU
	EndGlobalSection
	GlobalSection(ProjectConfigurationPlatforms) = postSolution
		{1A66459E-A9F8-4E6B-8BC3-4B885A44D8B8}.Debug|Any CPU.ActiveCfg = Debug|Any CPU
		{1A66459E-A9F8-4E6B-8BC3-4B885A44D8B8}.Debug|Any CPU.Build.0 = Debug|Any CPU
		{1A66459E-A9F8-4E6B-8BC3-4B885A44D8B8}.Release|Any CPU.ActiveCfg = Release|Any CPU
		{1A66459E-A9F8-4E6B-8BC3-4B885A44D8B8}.Release|Any CPU.Build.0 = Release|Any CPU
		{5D06110A-52D0-4B12-9106-BF51F461D8EA}.Debug|Any CPU.ActiveCfg = Debug|Any CPU
		{5D06110A-52D0-4B12-9106-BF51F461D8EA}.Debug|Any CPU.Build.0 = Debug|Any CPU
		{5D06110A-52D0-4B12-9106-BF51F461D8EA}.Release|Any CPU.ActiveCfg = Release|Any CPU
		{5D06110A-52D0-4B12-9106-BF51F461D8EA}.Release|Any CPU.Build.0 = Release|Any CPU
		{19251580-20BD-459B-A2EB-201100A6D398}.Debug|Any CPU.ActiveCfg = Debug|Any CPU
		{19251580-20BD-459B-A2EB-201100A6D398}.Debug|Any CPU.Build.0 = Debug|Any CPU
		{19251580-20BD-459B-A2EB-201100A6D398}.Release|Any CPU.ActiveCfg = Release|Any CPU
		{19251580-20BD-459B-A2EB-201100A6D398}.Release|Any CPU.Build.0 = Release|Any CPU
		{2392D24A-9D7B-4912-8E4A-39BCDF2BB2D4}.Debug|Any CPU.ActiveCfg = Debug|Any CPU
		{2392D24A-9D7B-4912-8E4A-39BCDF2BB2D4}.Debug|Any CPU.Build.0 = Debug|Any CPU
		{2392D24A-9D7B-4912-8E4A-39BCDF2BB2D4}.Release|Any CPU.ActiveCfg = Release|Any CPU
		{2392D24A-9D7B-4912-8E4A-39BCDF2BB2D4}.Release|Any CPU.Build.0 = Release|Any CPU
		{BC1FF69A-03D4-41BB-A400-B268715254FA}.Debug|Any CPU.ActiveCfg = Debug|Any CPU
		{BC1FF69A-03D4-41BB-A400-B268715254FA}.Debug|Any CPU.Build.0 = Debug|Any CPU
		{BC1FF69A-03D4-41BB-A400-B268715254FA}.Release|Any CPU.ActiveCfg = Release|Any CPU
		{BC1FF69A-03D4-41BB-A400-B268715254FA}.Release|Any CPU.Build.0 = Release|Any CPU
		{59E4CC4E-51CA-4964-A407-24C006828D28}.Debug|Any CPU.ActiveCfg = Debug|Any CPU
		{59E4CC4E-51CA-4964-A407-24C006828D28}.Debug|Any CPU.Build.0 = Debug|Any CPU
		{59E4CC4E-51CA-4964-A407-24C006828D28}.Release|Any CPU.ActiveCfg = Release|Any CPU
		{59E4CC4E-51CA-4964-A407-24C006828D28}.Release|Any CPU.Build.0 = Release|Any CPU
		{3873A911-246F-43E8-B0CF-47E50255CBC8}.Debug|Any CPU.ActiveCfg = Debug|Any CPU
		{3873A911-246F-43E8-B0CF-47E50255CBC8}.Debug|Any CPU.Build.0 = Debug|Any CPU
		{3873A911-246F-43E8-B0CF-47E50255CBC8}.Release|Any CPU.ActiveCfg = Release|Any CPU
		{3873A911-246F-43E8-B0CF-47E50255CBC8}.Release|Any CPU.Build.0 = Release|Any CPU
		{15916A09-0D93-4CEF-A8ED-5CE492C2740D}.Debug|Any CPU.ActiveCfg = Debug|Any CPU
		{15916A09-0D93-4CEF-A8ED-5CE492C2740D}.Debug|Any CPU.Build.0 = Debug|Any CPU
		{15916A09-0D93-4CEF-A8ED-5CE492C2740D}.Release|Any CPU.ActiveCfg = Release|Any CPU
		{15916A09-0D93-4CEF-A8ED-5CE492C2740D}.Release|Any CPU.Build.0 = Release|Any CPU
		{99B4C467-BF93-4DF8-A3B4-F4F1F333B739}.Debug|Any CPU.ActiveCfg = Debug|Any CPU
		{99B4C467-BF93-4DF8-A3B4-F4F1F333B739}.Debug|Any CPU.Build.0 = Debug|Any CPU
		{99B4C467-BF93-4DF8-A3B4-F4F1F333B739}.Release|Any CPU.ActiveCfg = Release|Any CPU
		{99B4C467-BF93-4DF8-A3B4-F4F1F333B739}.Release|Any CPU.Build.0 = Release|Any CPU
	EndGlobalSection
	GlobalSection(SolutionProperties) = preSolution
		HideSolutionNode = FALSE
	EndGlobalSection
	GlobalSection(NestedProjects) = preSolution
		{99B4C467-BF93-4DF8-A3B4-F4F1F333B739} = {A2E42F7E-E0E3-4399-9F9B-4CCD9D359EC7}
	EndGlobalSection
EndGlobal
