
Microsoft Visual Studio Solution File, Format Version 12.00
# Visual Studio 15
VisualStudioVersion = 15.0.26228.4
MinimumVisualStudioVersion = 10.0.40219.1
Project("{FAE04EC0-301F-11D3-BF4B-00C04F79EFBC}") = "EllaBookMaker.Model", "EllaBookMaker.Model\EllaBookMaker.Model.csproj", "{1A66459E-A9F8-4E6B-8BC3-4B885A44D8B8}"
EndProject
Project("{FAE04EC0-301F-11D3-BF4B-00C04F79EFBC}") = "EllaBookMaker.ViewModel", "EllaBookMaker.ViewModel\EllaBookMaker.ViewModel.csproj", "{5D06110A-52D0-4B12-9106-BF51F461D8EA}"
EndProject
Project("{FAE04EC0-301F-11D3-BF4B-00C04F79EFBC}") = "EllaBookMaker.Utility", "EllaBookMaker.Utility\EllaBookMaker.Utility.csproj", "{19251580-20BD-459B-A2EB-201100A6D398}"
EndProject
Project("{FAE04EC0-301F-11D3-BF4B-00C04F79EFBC}") = "EllaBookerMaker.View", "EllaBookerMaker.View\EllaBookerMaker.View.csproj", "{2392D24A-9D7B-4912-8E4A-39BCDF2BB2D4}"
EndProject
Project("{FAE04EC0-301F-11D3-BF4B-00C04F79EFBC}") = "EllaBookMaker.CustomControl", "EllaBookMaker.CustomControl\EllaBookMaker.CustomControl.csproj", "{7B077F11-CC08-49A3-8662-858F2E9A5CD3}"
EndProject
Project("{FAE04EC0-301F-11D3-BF4B-00C04F79EFBC}") = "EllaBookMaker.UserControl", "EllaBookMaker.UserControl\EllaBookMaker.UserControl.csproj", "{688B6479-ACCB-4FF9-AF84-ED711D694FEA}"
EndProject
Global
	GlobalSection(SolutionConfigurationPlatforms) = preSolution
		Debug|Any CPU = Debug|Any CPU
		Release|Any CPU = Release|Any CPU
	EndGlobalSection
	GlobalSection(ProjectConfigurationPlatforms) = postSolution
		{1A66459E-A9F8-4E6B-8BC3-4B885A44D8B8}.Debug|Any CPU.ActiveCfg = Debug|Any CPU
		{1A66459E-A9F8-4E6B-8BC3-4B885A44D8B8}.Debug|Any CPU.Build.0 = Debug|Any CPU
		{1A66459E-A9F8-4E6B-8BC3-4B885A44D8B8}.Release|Any CPU.ActiveCfg = Release|Any CPU
		{1A66459E-A9F8-4E6B-8BC3-4B885A44D8B8}.Release|Any CPU.Build.0 = Release|Any CPU
		{5D06110A-52D0-4B12-9106-BF51F461D8EA}.Debug|Any CPU.ActiveCfg = Debug|Any CPU
		{5D06110A-52D0-4B12-9106-BF51F461D8EA}.Debug|Any CPU.Build.0 = Debug|Any CPU
		{5D06110A-52D0-4B12-9106-BF51F461D8EA}.Release|Any CPU.ActiveCfg = Release|Any CPU
		{5D06110A-52D0-4B12-9106-BF51F461D8EA}.Release|Any CPU.Build.0 = Release|Any CPU
		{19251580-20BD-459B-A2EB-201100A6D398}.Debug|Any CPU.ActiveCfg = Debug|Any CPU
		{19251580-20BD-459B-A2EB-201100A6D398}.Debug|Any CPU.Build.0 = Debug|Any CPU
		{19251580-20BD-459B-A2EB-201100A6D398}.Release|Any CPU.ActiveCfg = Release|Any CPU
		{19251580-20BD-459B-A2EB-201100A6D398}.Release|Any CPU.Build.0 = Release|Any CPU
		{2392D24A-9D7B-4912-8E4A-39BCDF2BB2D4}.Debug|Any CPU.ActiveCfg = Debug|Any CPU
		{2392D24A-9D7B-4912-8E4A-39BCDF2BB2D4}.Debug|Any CPU.Build.0 = Debug|Any CPU
		{2392D24A-9D7B-4912-8E4A-39BCDF2BB2D4}.Release|Any CPU.ActiveCfg = Release|Any CPU
		{2392D24A-9D7B-4912-8E4A-39BCDF2BB2D4}.Release|Any CPU.Build.0 = Release|Any CPU
		{7B077F11-CC08-49A3-8662-858F2E9A5CD3}.Debug|Any CPU.ActiveCfg = Debug|Any CPU
		{7B077F11-CC08-49A3-8662-858F2E9A5CD3}.Debug|Any CPU.Build.0 = Debug|Any CPU
		{7B077F11-CC08-49A3-8662-858F2E9A5CD3}.Release|Any CPU.ActiveCfg = Release|Any CPU
		{7B077F11-CC08-49A3-8662-858F2E9A5CD3}.Release|Any CPU.Build.0 = Release|Any CPU
		{688B6479-ACCB-4FF9-AF84-ED711D694FEA}.Debug|Any CPU.ActiveCfg = Debug|Any CPU
		{688B6479-ACCB-4FF9-AF84-ED711D694FEA}.Debug|Any CPU.Build.0 = Debug|Any CPU
		{688B6479-ACCB-4FF9-AF84-ED711D694FEA}.Release|Any CPU.ActiveCfg = Release|Any CPU
		{688B6479-ACCB-4FF9-AF84-ED711D694FEA}.Release|Any CPU.Build.0 = Release|Any CPU
	EndGlobalSection
	GlobalSection(SolutionProperties) = preSolution
		HideSolutionNode = FALSE
	EndGlobalSection
EndGlobal
